
Microsoft Visual Studio Solution File, Format Version 12.00
# Visual Studio 15
VisualStudioVersion = 15.0.26430.16
MinimumVisualStudioVersion = 10.0.40219.1
Project("{FAE04EC0-301F-11D3-BF4B-00C04F79EFBC}") = "Firma1", "Firma1\Firma1.csproj", "{8F8AE3A8-CBFF-499E-9058-CD0A85BF037A}"
EndProject
Project("{FAE04EC0-301F-11D3-BF4B-00C04F79EFBC}") = "Firma1.Tests", "Firma1.Tests\Firma1.Tests.csproj", "{542BC0F8-9A3A-4F3D-ADC1-2B93851B964C}"
EndProject
Global
	GlobalSection(SolutionConfigurationPlatforms) = preSolution
		Debug|Any CPU = Debug|Any CPU
		Release|Any CPU = Release|Any CPU
	EndGlobalSection
	GlobalSection(ProjectConfigurationPlatforms) = postSolution
		{8F8AE3A8-CBFF-499E-9058-CD0A85BF037A}.Debug|Any CPU.ActiveCfg = Debug|Any CPU
		{8F8AE3A8-CBFF-499E-9058-CD0A85BF037A}.Debug|Any CPU.Build.0 = Debug|Any CPU
		{8F8AE3A8-CBFF-499E-9058-CD0A85BF037A}.Release|Any CPU.ActiveCfg = Release|Any CPU
		{8F8AE3A8-CBFF-499E-9058-CD0A85BF037A}.Release|Any CPU.Build.0 = Release|Any CPU
		{542BC0F8-9A3A-4F3D-ADC1-2B93851B964C}.Debug|Any CPU.ActiveCfg = Debug|Any CPU
		{542BC0F8-9A3A-4F3D-ADC1-2B93851B964C}.Debug|Any CPU.Build.0 = Debug|Any CPU
		{542BC0F8-9A3A-4F3D-ADC1-2B93851B964C}.Release|Any CPU.ActiveCfg = Release|Any CPU
		{542BC0F8-9A3A-4F3D-ADC1-2B93851B964C}.Release|Any CPU.Build.0 = Release|Any CPU
	EndGlobalSection
	GlobalSection(SolutionProperties) = preSolution
		HideSolutionNode = FALSE
	EndGlobalSection
EndGlobal
